{
  "requires": true,
  "lockfileVersion": 1,
  "dependencies": {
    "uview-ui": {
      "version": "1.3.68",
      "resolved": "https://registry.npmjs.org/uview-ui/-/uview-ui-1.3.68.tgz",
      "integrity": "sha512-fwszoohFC1HLvIqwwnXPRytT52qGy0viGEzyJtVwemNBAu5z6Ddjwe9ORqsrlQQo7PSvHdyCNHWrSLGzoyKKoQ=="
    }
  }
}
